// !$*UTF8*$!
{
	archiveVersion = 1;
	classes = {
	};
	objectVersion = 51;
	objects = {

/* Begin PBXBuildFile section */
		308E38A39B0280D0D90F1590 /* Pods_DomestikaTrailers.framework in Frameworks */ = {isa = PBXBuildFile; fileRef = 9EE7862E85D0A8732A573AE7 /* Pods_DomestikaTrailers.framework */; };
		60326ED0043305280BC4C536 /* Pods_DomestikaTrailersTests.framework in Frameworks */ = {isa = PBXBuildFile; fileRef = 0020F538E03304F26E61D424 /* Pods_DomestikaTrailersTests.framework */; };
		7F08180C24D2EC4E0090A993 /* CoursesListPresenter.swift in Sources */ = {isa = PBXBuildFile; fileRef = 7F08180724D2EC4E0090A993 /* CoursesListPresenter.swift */; };
		7F08180D24D2EC4E0090A993 /* CoursesListRouter.swift in Sources */ = {isa = PBXBuildFile; fileRef = 7F08180824D2EC4E0090A993 /* CoursesListRouter.swift */; };
		7F08180E24D2EC4E0090A993 /* CoursesListViewController.swift in Sources */ = {isa = PBXBuildFile; fileRef = 7F08180924D2EC4E0090A993 /* CoursesListViewController.swift */; };
		7F08180F24D2EC4E0090A993 /* CoursesListProtocols.swift in Sources */ = {isa = PBXBuildFile; fileRef = 7F08180A24D2EC4E0090A993 /* CoursesListProtocols.swift */; };
		7F08181024D2EC4E0090A993 /* CoursesListInteractor.swift in Sources */ = {isa = PBXBuildFile; fileRef = 7F08180B24D2EC4E0090A993 /* CoursesListInteractor.swift */; };
		7F08181524D3E6F30090A993 /* DomestikaAsset.swift in Sources */ = {isa = PBXBuildFile; fileRef = 7F08181424D3E6F30090A993 /* DomestikaAsset.swift */; };
		7F08181724D3E7A80090A993 /* CourseListWorker.swift in Sources */ = {isa = PBXBuildFile; fileRef = 7F08181624D3E7A80090A993 /* CourseListWorker.swift */; };
		7F08181924D3E8DC0090A993 /* Utilities.swift in Sources */ = {isa = PBXBuildFile; fileRef = 7F08181824D3E8DC0090A993 /* Utilities.swift */; };
		7F08181E24D3EAA90090A993 /* BaseViewController.swift in Sources */ = {isa = PBXBuildFile; fileRef = 7F08181D24D3EAA90090A993 /* BaseViewController.swift */; };
		7F08182124D3EDC50090A993 /* CoursesListViewModel.swift in Sources */ = {isa = PBXBuildFile; fileRef = 7F08182024D3EDC50090A993 /* CoursesListViewModel.swift */; };
		7F9852CE24D2A4CC00D8E1FC /* AppDelegate.swift in Sources */ = {isa = PBXBuildFile; fileRef = 7F9852CD24D2A4CC00D8E1FC /* AppDelegate.swift */; };
		7F9852D724D2A4CD00D8E1FC /* Assets.xcassets in Resources */ = {isa = PBXBuildFile; fileRef = 7F9852D624D2A4CD00D8E1FC /* Assets.xcassets */; };
		7F9852DA24D2A4CD00D8E1FC /* LaunchScreen.storyboard in Resources */ = {isa = PBXBuildFile; fileRef = 7F9852D824D2A4CD00D8E1FC /* LaunchScreen.storyboard */; };
		7F9852E524D2A4CD00D8E1FC /* DomestikaTrailersTests.swift in Sources */ = {isa = PBXBuildFile; fileRef = 7F9852E424D2A4CD00D8E1FC /* DomestikaTrailersTests.swift */; };
		7F9852F024D2A4CD00D8E1FC /* DomestikaTrailersUITests.swift in Sources */ = {isa = PBXBuildFile; fileRef = 7F9852EF24D2A4CD00D8E1FC /* DomestikaTrailersUITests.swift */; };
		7F98530024D2AD7100D8E1FC /* NetworkManager.swift in Sources */ = {isa = PBXBuildFile; fileRef = 7F9852FF24D2AD7100D8E1FC /* NetworkManager.swift */; };
		D0AA04AB17900F3E28CACE1E /* Pods_DomestikaTrailers_DomestikaTrailersUITests.framework in Frameworks */ = {isa = PBXBuildFile; fileRef = 27CA31524C201D1737BF7EC8 /* Pods_DomestikaTrailers_DomestikaTrailersUITests.framework */; };
/* End PBXBuildFile section */

/* Begin PBXContainerItemProxy section */
		7F9852E124D2A4CD00D8E1FC /* PBXContainerItemProxy */ = {
			isa = PBXContainerItemProxy;
			containerPortal = 7F9852C224D2A4CB00D8E1FC /* Project object */;
			proxyType = 1;
			remoteGlobalIDString = 7F9852C924D2A4CB00D8E1FC;
			remoteInfo = DomestikaTrailers;
		};
		7F9852EC24D2A4CD00D8E1FC /* PBXContainerItemProxy */ = {
			isa = PBXContainerItemProxy;
			containerPortal = 7F9852C224D2A4CB00D8E1FC /* Project object */;
			proxyType = 1;
			remoteGlobalIDString = 7F9852C924D2A4CB00D8E1FC;
			remoteInfo = DomestikaTrailers;
		};
/* End PBXContainerItemProxy section */

/* Begin PBXFileReference section */
		0020F538E03304F26E61D424 /* Pods_DomestikaTrailersTests.framework */ = {isa = PBXFileReference; explicitFileType = wrapper.framework; includeInIndex = 0; path = Pods_DomestikaTrailersTests.framework; sourceTree = BUILT_PRODUCTS_DIR; };
		178237A8BC7713D4D800FEBA /* Pods-DomestikaTrailers-DomestikaTrailersUITests.release.xcconfig */ = {isa = PBXFileReference; includeInIndex = 1; lastKnownFileType = text.xcconfig; name = "Pods-DomestikaTrailers-DomestikaTrailersUITests.release.xcconfig"; path = "Target Support Files/Pods-DomestikaTrailers-DomestikaTrailersUITests/Pods-DomestikaTrailers-DomestikaTrailersUITests.release.xcconfig"; sourceTree = "<group>"; };
		27CA31524C201D1737BF7EC8 /* Pods_DomestikaTrailers_DomestikaTrailersUITests.framework */ = {isa = PBXFileReference; explicitFileType = wrapper.framework; includeInIndex = 0; path = Pods_DomestikaTrailers_DomestikaTrailersUITests.framework; sourceTree = BUILT_PRODUCTS_DIR; };
		476E1980A1CD4C503CB0A15C /* Pods-DomestikaTrailers.release.xcconfig */ = {isa = PBXFileReference; includeInIndex = 1; lastKnownFileType = text.xcconfig; name = "Pods-DomestikaTrailers.release.xcconfig"; path = "Target Support Files/Pods-DomestikaTrailers/Pods-DomestikaTrailers.release.xcconfig"; sourceTree = "<group>"; };
		4993FFB200C35E0B83F68848 /* Pods-DomestikaTrailersTests.release.xcconfig */ = {isa = PBXFileReference; includeInIndex = 1; lastKnownFileType = text.xcconfig; name = "Pods-DomestikaTrailersTests.release.xcconfig"; path = "Target Support Files/Pods-DomestikaTrailersTests/Pods-DomestikaTrailersTests.release.xcconfig"; sourceTree = "<group>"; };
		5FB30341CA4AB760D18570CD /* Pods-DomestikaTrailersTests.debug.xcconfig */ = {isa = PBXFileReference; includeInIndex = 1; lastKnownFileType = text.xcconfig; name = "Pods-DomestikaTrailersTests.debug.xcconfig"; path = "Target Support Files/Pods-DomestikaTrailersTests/Pods-DomestikaTrailersTests.debug.xcconfig"; sourceTree = "<group>"; };
		7F08180724D2EC4E0090A993 /* CoursesListPresenter.swift */ = {isa = PBXFileReference; lastKnownFileType = sourcecode.swift; path = CoursesListPresenter.swift; sourceTree = "<group>"; };
		7F08180824D2EC4E0090A993 /* CoursesListRouter.swift */ = {isa = PBXFileReference; lastKnownFileType = sourcecode.swift; path = CoursesListRouter.swift; sourceTree = "<group>"; };
		7F08180924D2EC4E0090A993 /* CoursesListViewController.swift */ = {isa = PBXFileReference; lastKnownFileType = sourcecode.swift; path = CoursesListViewController.swift; sourceTree = "<group>"; };
		7F08180A24D2EC4E0090A993 /* CoursesListProtocols.swift */ = {isa = PBXFileReference; lastKnownFileType = sourcecode.swift; path = CoursesListProtocols.swift; sourceTree = "<group>"; };
		7F08180B24D2EC4E0090A993 /* CoursesListInteractor.swift */ = {isa = PBXFileReference; lastKnownFileType = sourcecode.swift; path = CoursesListInteractor.swift; sourceTree = "<group>"; };
		7F08181424D3E6F30090A993 /* DomestikaAsset.swift */ = {isa = PBXFileReference; lastKnownFileType = sourcecode.swift; path = DomestikaAsset.swift; sourceTree = "<group>"; };
		7F08181624D3E7A80090A993 /* CourseListWorker.swift */ = {isa = PBXFileReference; lastKnownFileType = sourcecode.swift; path = CourseListWorker.swift; sourceTree = "<group>"; };
		7F08181824D3E8DC0090A993 /* Utilities.swift */ = {isa = PBXFileReference; lastKnownFileType = sourcecode.swift; path = Utilities.swift; sourceTree = "<group>"; };
		7F08181D24D3EAA90090A993 /* BaseViewController.swift */ = {isa = PBXFileReference; lastKnownFileType = sourcecode.swift; path = BaseViewController.swift; sourceTree = "<group>"; };
		7F08182024D3EDC50090A993 /* CoursesListViewModel.swift */ = {isa = PBXFileReference; lastKnownFileType = sourcecode.swift; path = CoursesListViewModel.swift; sourceTree = "<group>"; };
		7F9852CA24D2A4CC00D8E1FC /* DomestikaTrailers.app */ = {isa = PBXFileReference; explicitFileType = wrapper.application; includeInIndex = 0; path = DomestikaTrailers.app; sourceTree = BUILT_PRODUCTS_DIR; };
		7F9852CD24D2A4CC00D8E1FC /* AppDelegate.swift */ = {isa = PBXFileReference; lastKnownFileType = sourcecode.swift; path = AppDelegate.swift; sourceTree = "<group>"; };
		7F9852D624D2A4CD00D8E1FC /* Assets.xcassets */ = {isa = PBXFileReference; lastKnownFileType = folder.assetcatalog; path = Assets.xcassets; sourceTree = "<group>"; };
		7F9852D924D2A4CD00D8E1FC /* Base */ = {isa = PBXFileReference; lastKnownFileType = file.storyboard; name = Base; path = Base.lproj/LaunchScreen.storyboard; sourceTree = "<group>"; };
		7F9852DB24D2A4CD00D8E1FC /* Info.plist */ = {isa = PBXFileReference; lastKnownFileType = text.plist.xml; path = Info.plist; sourceTree = "<group>"; };
		7F9852E024D2A4CD00D8E1FC /* DomestikaTrailersTests.xctest */ = {isa = PBXFileReference; explicitFileType = wrapper.cfbundle; includeInIndex = 0; path = DomestikaTrailersTests.xctest; sourceTree = BUILT_PRODUCTS_DIR; };
		7F9852E424D2A4CD00D8E1FC /* DomestikaTrailersTests.swift */ = {isa = PBXFileReference; lastKnownFileType = sourcecode.swift; path = DomestikaTrailersTests.swift; sourceTree = "<group>"; };
		7F9852E624D2A4CD00D8E1FC /* Info.plist */ = {isa = PBXFileReference; lastKnownFileType = text.plist.xml; path = Info.plist; sourceTree = "<group>"; };
		7F9852EB24D2A4CD00D8E1FC /* DomestikaTrailersUITests.xctest */ = {isa = PBXFileReference; explicitFileType = wrapper.cfbundle; includeInIndex = 0; path = DomestikaTrailersUITests.xctest; sourceTree = BUILT_PRODUCTS_DIR; };
		7F9852EF24D2A4CD00D8E1FC /* DomestikaTrailersUITests.swift */ = {isa = PBXFileReference; lastKnownFileType = sourcecode.swift; path = DomestikaTrailersUITests.swift; sourceTree = "<group>"; };
		7F9852F124D2A4CD00D8E1FC /* Info.plist */ = {isa = PBXFileReference; lastKnownFileType = text.plist.xml; path = Info.plist; sourceTree = "<group>"; };
		7F9852FF24D2AD7100D8E1FC /* NetworkManager.swift */ = {isa = PBXFileReference; lastKnownFileType = sourcecode.swift; path = NetworkManager.swift; sourceTree = "<group>"; };
		9EE7862E85D0A8732A573AE7 /* Pods_DomestikaTrailers.framework */ = {isa = PBXFileReference; explicitFileType = wrapper.framework; includeInIndex = 0; path = Pods_DomestikaTrailers.framework; sourceTree = BUILT_PRODUCTS_DIR; };
		B905B539F5CD75A2A6E5D6F2 /* Pods-DomestikaTrailers-DomestikaTrailersUITests.debug.xcconfig */ = {isa = PBXFileReference; includeInIndex = 1; lastKnownFileType = text.xcconfig; name = "Pods-DomestikaTrailers-DomestikaTrailersUITests.debug.xcconfig"; path = "Target Support Files/Pods-DomestikaTrailers-DomestikaTrailersUITests/Pods-DomestikaTrailers-DomestikaTrailersUITests.debug.xcconfig"; sourceTree = "<group>"; };
		CB1F69A331CAB259F1E28C3A /* Pods-DomestikaTrailers.debug.xcconfig */ = {isa = PBXFileReference; includeInIndex = 1; lastKnownFileType = text.xcconfig; name = "Pods-DomestikaTrailers.debug.xcconfig"; path = "Target Support Files/Pods-DomestikaTrailers/Pods-DomestikaTrailers.debug.xcconfig"; sourceTree = "<group>"; };
/* End PBXFileReference section */

/* Begin PBXFrameworksBuildPhase section */
		7F9852C724D2A4CB00D8E1FC /* Frameworks */ = {
			isa = PBXFrameworksBuildPhase;
			buildActionMask = 2147483647;
			files = (
				308E38A39B0280D0D90F1590 /* Pods_DomestikaTrailers.framework in Frameworks */,
			);
			runOnlyForDeploymentPostprocessing = 0;
		};
		7F9852DD24D2A4CD00D8E1FC /* Frameworks */ = {
			isa = PBXFrameworksBuildPhase;
			buildActionMask = 2147483647;
			files = (
				60326ED0043305280BC4C536 /* Pods_DomestikaTrailersTests.framework in Frameworks */,
			);
			runOnlyForDeploymentPostprocessing = 0;
		};
		7F9852E824D2A4CD00D8E1FC /* Frameworks */ = {
			isa = PBXFrameworksBuildPhase;
			buildActionMask = 2147483647;
			files = (
				D0AA04AB17900F3E28CACE1E /* Pods_DomestikaTrailers_DomestikaTrailersUITests.framework in Frameworks */,
			);
			runOnlyForDeploymentPostprocessing = 0;
		};
/* End PBXFrameworksBuildPhase section */

/* Begin PBXGroup section */
		464867018F37D1AABFD13F58 /* Pods */ = {
			isa = PBXGroup;
			children = (
				CB1F69A331CAB259F1E28C3A /* Pods-DomestikaTrailers.debug.xcconfig */,
				476E1980A1CD4C503CB0A15C /* Pods-DomestikaTrailers.release.xcconfig */,
				B905B539F5CD75A2A6E5D6F2 /* Pods-DomestikaTrailers-DomestikaTrailersUITests.debug.xcconfig */,
				178237A8BC7713D4D800FEBA /* Pods-DomestikaTrailers-DomestikaTrailersUITests.release.xcconfig */,
				5FB30341CA4AB760D18570CD /* Pods-DomestikaTrailersTests.debug.xcconfig */,
				4993FFB200C35E0B83F68848 /* Pods-DomestikaTrailersTests.release.xcconfig */,
			);
			path = Pods;
			sourceTree = "<group>";
		};
		7F08180624D2EC2E0090A993 /* CoursesList */ = {
			isa = PBXGroup;
			children = (
				7F08181F24D3EDB90090A993 /* Models */,
				7F08180A24D2EC4E0090A993 /* CoursesListProtocols.swift */,
				7F08180724D2EC4E0090A993 /* CoursesListPresenter.swift */,
				7F08180924D2EC4E0090A993 /* CoursesListViewController.swift */,
				7F08180B24D2EC4E0090A993 /* CoursesListInteractor.swift */,
				7F08181624D3E7A80090A993 /* CourseListWorker.swift */,
				7F08180824D2EC4E0090A993 /* CoursesListRouter.swift */,
			);
			path = CoursesList;
			sourceTree = "<group>";
		};
		7F08181224D3E6BD0090A993 /* Networking */ = {
			isa = PBXGroup;
			children = (
				7F9852FF24D2AD7100D8E1FC /* NetworkManager.swift */,
				7F08181324D3E6CA0090A993 /* Models */,
			);
			path = Networking;
			sourceTree = "<group>";
		};
		7F08181324D3E6CA0090A993 /* Models */ = {
			isa = PBXGroup;
			children = (
				7F08181424D3E6F30090A993 /* DomestikaAsset.swift */,
			);
			path = Models;
			sourceTree = "<group>";
		};
		7F08181A24D3E8EC0090A993 /* Utilities */ = {
			isa = PBXGroup;
			children = (
				7F08181824D3E8DC0090A993 /* Utilities.swift */,
			);
			path = Utilities;
			sourceTree = "<group>";
		};
		7F08181B24D3EA920090A993 /* UI */ = {
			isa = PBXGroup;
			children = (
				7F08181C24D3EA970090A993 /* ViewControllers */,
			);
			path = UI;
			sourceTree = "<group>";
		};
		7F08181C24D3EA970090A993 /* ViewControllers */ = {
			isa = PBXGroup;
			children = (
				7F08181D24D3EAA90090A993 /* BaseViewController.swift */,
			);
			path = ViewControllers;
			sourceTree = "<group>";
		};
		7F08181F24D3EDB90090A993 /* Models */ = {
			isa = PBXGroup;
			children = (
				7F08182024D3EDC50090A993 /* CoursesListViewModel.swift */,
			);
			path = Models;
			sourceTree = "<group>";
		};
		7F9852C124D2A4CB00D8E1FC = {
			isa = PBXGroup;
			children = (
				7F9852CC24D2A4CC00D8E1FC /* DomestikaTrailers */,
				7F9852E324D2A4CD00D8E1FC /* DomestikaTrailersTests */,
				7F9852EE24D2A4CD00D8E1FC /* DomestikaTrailersUITests */,
				7F9852CB24D2A4CC00D8E1FC /* Products */,
				464867018F37D1AABFD13F58 /* Pods */,
				D0E9F3E790A7A93C701B5BA6 /* Frameworks */,
			);
			sourceTree = "<group>";
		};
		7F9852CB24D2A4CC00D8E1FC /* Products */ = {
			isa = PBXGroup;
			children = (
				7F9852CA24D2A4CC00D8E1FC /* DomestikaTrailers.app */,
				7F9852E024D2A4CD00D8E1FC /* DomestikaTrailersTests.xctest */,
				7F9852EB24D2A4CD00D8E1FC /* DomestikaTrailersUITests.xctest */,
			);
			name = Products;
			sourceTree = "<group>";
		};
		7F9852CC24D2A4CC00D8E1FC /* DomestikaTrailers */ = {
			isa = PBXGroup;
			children = (
				7F9852CD24D2A4CC00D8E1FC /* AppDelegate.swift */,
				7F08180624D2EC2E0090A993 /* CoursesList */,
				7F9852FE24D2AD3200D8E1FC /* Common */,
				7F9852FD24D2AC4100D8E1FC /* Resources */,
			);
			path = DomestikaTrailers;
			sourceTree = "<group>";
		};
		7F9852E324D2A4CD00D8E1FC /* DomestikaTrailersTests */ = {
			isa = PBXGroup;
			children = (
				7F9852E424D2A4CD00D8E1FC /* DomestikaTrailersTests.swift */,
				7F9852E624D2A4CD00D8E1FC /* Info.plist */,
			);
			path = DomestikaTrailersTests;
			sourceTree = "<group>";
		};
		7F9852EE24D2A4CD00D8E1FC /* DomestikaTrailersUITests */ = {
			isa = PBXGroup;
			children = (
				7F9852EF24D2A4CD00D8E1FC /* DomestikaTrailersUITests.swift */,
				7F9852F124D2A4CD00D8E1FC /* Info.plist */,
			);
			path = DomestikaTrailersUITests;
			sourceTree = "<group>";
		};
		7F9852FD24D2AC4100D8E1FC /* Resources */ = {
			isa = PBXGroup;
			children = (
				7F9852D624D2A4CD00D8E1FC /* Assets.xcassets */,
				7F9852D824D2A4CD00D8E1FC /* LaunchScreen.storyboard */,
				7F9852DB24D2A4CD00D8E1FC /* Info.plist */,
			);
			path = Resources;
			sourceTree = "<group>";
		};
		7F9852FE24D2AD3200D8E1FC /* Common */ = {
			isa = PBXGroup;
			children = (
				7F08181B24D3EA920090A993 /* UI */,
				7F08181224D3E6BD0090A993 /* Networking */,
				7F08181A24D3E8EC0090A993 /* Utilities */,
			);
			path = Common;
			sourceTree = "<group>";
		};
		D0E9F3E790A7A93C701B5BA6 /* Frameworks */ = {
			isa = PBXGroup;
			children = (
				9EE7862E85D0A8732A573AE7 /* Pods_DomestikaTrailers.framework */,
				27CA31524C201D1737BF7EC8 /* Pods_DomestikaTrailers_DomestikaTrailersUITests.framework */,
				0020F538E03304F26E61D424 /* Pods_DomestikaTrailersTests.framework */,
			);
			name = Frameworks;
			sourceTree = "<group>";
		};
/* End PBXGroup section */

/* Begin PBXNativeTarget section */
		7F9852C924D2A4CB00D8E1FC /* DomestikaTrailers */ = {
			isa = PBXNativeTarget;
			buildConfigurationList = 7F9852F424D2A4CD00D8E1FC /* Build configuration list for PBXNativeTarget "DomestikaTrailers" */;
			buildPhases = (
				E6C176BA5F34BB7113F06352 /* [CP] Check Pods Manifest.lock */,
				7F9852C624D2A4CB00D8E1FC /* Sources */,
				7F9852C724D2A4CB00D8E1FC /* Frameworks */,
				7F9852C824D2A4CB00D8E1FC /* Resources */,
				76D79558432B40FDB89F288D /* [CP] Embed Pods Frameworks */,
			);
			buildRules = (
			);
			dependencies = (
			);
			name = DomestikaTrailers;
			productName = DomestikaTrailers;
			productReference = 7F9852CA24D2A4CC00D8E1FC /* DomestikaTrailers.app */;
			productType = "com.apple.product-type.application";
		};
		7F9852DF24D2A4CD00D8E1FC /* DomestikaTrailersTests */ = {
			isa = PBXNativeTarget;
			buildConfigurationList = 7F9852F724D2A4CD00D8E1FC /* Build configuration list for PBXNativeTarget "DomestikaTrailersTests" */;
			buildPhases = (
				74D8D86AEA79EDB1680F4BE3 /* [CP] Check Pods Manifest.lock */,
				7F9852DC24D2A4CD00D8E1FC /* Sources */,
				7F9852DD24D2A4CD00D8E1FC /* Frameworks */,
				7F9852DE24D2A4CD00D8E1FC /* Resources */,
			);
			buildRules = (
			);
			dependencies = (
				7F9852E224D2A4CD00D8E1FC /* PBXTargetDependency */,
			);
			name = DomestikaTrailersTests;
			productName = DomestikaTrailersTests;
			productReference = 7F9852E024D2A4CD00D8E1FC /* DomestikaTrailersTests.xctest */;
			productType = "com.apple.product-type.bundle.unit-test";
		};
		7F9852EA24D2A4CD00D8E1FC /* DomestikaTrailersUITests */ = {
			isa = PBXNativeTarget;
			buildConfigurationList = 7F9852FA24D2A4CD00D8E1FC /* Build configuration list for PBXNativeTarget "DomestikaTrailersUITests" */;
			buildPhases = (
				346019ABD882BF5BB58D68A9 /* [CP] Check Pods Manifest.lock */,
				7F9852E724D2A4CD00D8E1FC /* Sources */,
				7F9852E824D2A4CD00D8E1FC /* Frameworks */,
				7F9852E924D2A4CD00D8E1FC /* Resources */,
				E0473534FBA9E3BE5BE545B0 /* [CP] Embed Pods Frameworks */,
			);
			buildRules = (
			);
			dependencies = (
				7F9852ED24D2A4CD00D8E1FC /* PBXTargetDependency */,
			);
			name = DomestikaTrailersUITests;
			productName = DomestikaTrailersUITests;
			productReference = 7F9852EB24D2A4CD00D8E1FC /* DomestikaTrailersUITests.xctest */;
			productType = "com.apple.product-type.bundle.ui-testing";
		};
/* End PBXNativeTarget section */

/* Begin PBXProject section */
		7F9852C224D2A4CB00D8E1FC /* Project object */ = {
			isa = PBXProject;
			attributes = {
				LastSwiftUpdateCheck = 1160;
				LastUpgradeCheck = 1160;
				ORGANIZATIONNAME = "Albert Arredondo Alfaro";
				TargetAttributes = {
					7F9852C924D2A4CB00D8E1FC = {
						CreatedOnToolsVersion = 11.6;
					};
					7F9852DF24D2A4CD00D8E1FC = {
						CreatedOnToolsVersion = 11.6;
						TestTargetID = 7F9852C924D2A4CB00D8E1FC;
					};
					7F9852EA24D2A4CD00D8E1FC = {
						CreatedOnToolsVersion = 11.6;
						TestTargetID = 7F9852C924D2A4CB00D8E1FC;
					};
				};
			};
			buildConfigurationList = 7F9852C524D2A4CB00D8E1FC /* Build configuration list for PBXProject "DomestikaTrailers" */;
			compatibilityVersion = "Xcode 9.3";
			developmentRegion = en;
			hasScannedForEncodings = 0;
			knownRegions = (
				en,
				Base,
			);
			mainGroup = 7F9852C124D2A4CB00D8E1FC;
			productRefGroup = 7F9852CB24D2A4CC00D8E1FC /* Products */;
			projectDirPath = "";
			projectRoot = "";
			targets = (
				7F9852C924D2A4CB00D8E1FC /* DomestikaTrailers */,
				7F9852DF24D2A4CD00D8E1FC /* DomestikaTrailersTests */,
				7F9852EA24D2A4CD00D8E1FC /* DomestikaTrailersUITests */,
			);
		};
/* End PBXProject section */

/* Begin PBXResourcesBuildPhase section */
		7F9852C824D2A4CB00D8E1FC /* Resources */ = {
			isa = PBXResourcesBuildPhase;
			buildActionMask = 2147483647;
			files = (
				7F9852DA24D2A4CD00D8E1FC /* LaunchScreen.storyboard in Resources */,
				7F9852D724D2A4CD00D8E1FC /* Assets.xcassets in Resources */,
			);
			runOnlyForDeploymentPostprocessing = 0;
		};
		7F9852DE24D2A4CD00D8E1FC /* Resources */ = {
			isa = PBXResourcesBuildPhase;
			buildActionMask = 2147483647;
			files = (
			);
			runOnlyForDeploymentPostprocessing = 0;
		};
		7F9852E924D2A4CD00D8E1FC /* Resources */ = {
			isa = PBXResourcesBuildPhase;
			buildActionMask = 2147483647;
			files = (
			);
			runOnlyForDeploymentPostprocessing = 0;
		};
/* End PBXResourcesBuildPhase section */

/* Begin PBXShellScriptBuildPhase section */
		346019ABD882BF5BB58D68A9 /* [CP] Check Pods Manifest.lock */ = {
			isa = PBXShellScriptBuildPhase;
			buildActionMask = 2147483647;
			files = (
			);
			inputFileListPaths = (
			);
			inputPaths = (
				"${PODS_PODFILE_DIR_PATH}/Podfile.lock",
				"${PODS_ROOT}/Manifest.lock",
			);
			name = "[CP] Check Pods Manifest.lock";
			outputFileListPaths = (
			);
			outputPaths = (
				"$(DERIVED_FILE_DIR)/Pods-DomestikaTrailers-DomestikaTrailersUITests-checkManifestLockResult.txt",
			);
			runOnlyForDeploymentPostprocessing = 0;
			shellPath = /bin/sh;
			shellScript = "diff \"${PODS_PODFILE_DIR_PATH}/Podfile.lock\" \"${PODS_ROOT}/Manifest.lock\" > /dev/null\nif [ $? != 0 ] ; then\n    # print error to STDERR\n    echo \"error: The sandbox is not in sync with the Podfile.lock. Run 'pod install' or update your CocoaPods installation.\" >&2\n    exit 1\nfi\n# This output is used by Xcode 'outputs' to avoid re-running this script phase.\necho \"SUCCESS\" > \"${SCRIPT_OUTPUT_FILE_0}\"\n";
			showEnvVarsInLog = 0;
		};
		74D8D86AEA79EDB1680F4BE3 /* [CP] Check Pods Manifest.lock */ = {
			isa = PBXShellScriptBuildPhase;
			buildActionMask = 2147483647;
			files = (
			);
			inputFileListPaths = (
			);
			inputPaths = (
				"${PODS_PODFILE_DIR_PATH}/Podfile.lock",
				"${PODS_ROOT}/Manifest.lock",
			);
			name = "[CP] Check Pods Manifest.lock";
			outputFileListPaths = (
			);
			outputPaths = (
				"$(DERIVED_FILE_DIR)/Pods-DomestikaTrailersTests-checkManifestLockResult.txt",
			);
			runOnlyForDeploymentPostprocessing = 0;
			shellPath = /bin/sh;
			shellScript = "diff \"${PODS_PODFILE_DIR_PATH}/Podfile.lock\" \"${PODS_ROOT}/Manifest.lock\" > /dev/null\nif [ $? != 0 ] ; then\n    # print error to STDERR\n    echo \"error: The sandbox is not in sync with the Podfile.lock. Run 'pod install' or update your CocoaPods installation.\" >&2\n    exit 1\nfi\n# This output is used by Xcode 'outputs' to avoid re-running this script phase.\necho \"SUCCESS\" > \"${SCRIPT_OUTPUT_FILE_0}\"\n";
			showEnvVarsInLog = 0;
		};
		76D79558432B40FDB89F288D /* [CP] Embed Pods Frameworks */ = {
			isa = PBXShellScriptBuildPhase;
			buildActionMask = 2147483647;
			files = (
			);
			inputFileListPaths = (
				"${PODS_ROOT}/Target Support Files/Pods-DomestikaTrailers/Pods-DomestikaTrailers-frameworks-${CONFIGURATION}-input-files.xcfilelist",
			);
			name = "[CP] Embed Pods Frameworks";
			outputFileListPaths = (
				"${PODS_ROOT}/Target Support Files/Pods-DomestikaTrailers/Pods-DomestikaTrailers-frameworks-${CONFIGURATION}-output-files.xcfilelist",
			);
			runOnlyForDeploymentPostprocessing = 0;
			shellPath = /bin/sh;
			shellScript = "\"${PODS_ROOT}/Target Support Files/Pods-DomestikaTrailers/Pods-DomestikaTrailers-frameworks.sh\"\n";
			showEnvVarsInLog = 0;
		};
		E0473534FBA9E3BE5BE545B0 /* [CP] Embed Pods Frameworks */ = {
			isa = PBXShellScriptBuildPhase;
			buildActionMask = 2147483647;
			files = (
			);
			inputFileListPaths = (
				"${PODS_ROOT}/Target Support Files/Pods-DomestikaTrailers-DomestikaTrailersUITests/Pods-DomestikaTrailers-DomestikaTrailersUITests-frameworks-${CONFIGURATION}-input-files.xcfilelist",
			);
			name = "[CP] Embed Pods Frameworks";
			outputFileListPaths = (
				"${PODS_ROOT}/Target Support Files/Pods-DomestikaTrailers-DomestikaTrailersUITests/Pods-DomestikaTrailers-DomestikaTrailersUITests-frameworks-${CONFIGURATION}-output-files.xcfilelist",
			);
			runOnlyForDeploymentPostprocessing = 0;
			shellPath = /bin/sh;
			shellScript = "\"${PODS_ROOT}/Target Support Files/Pods-DomestikaTrailers-DomestikaTrailersUITests/Pods-DomestikaTrailers-DomestikaTrailersUITests-frameworks.sh\"\n";
			showEnvVarsInLog = 0;
		};
		E6C176BA5F34BB7113F06352 /* [CP] Check Pods Manifest.lock */ = {
			isa = PBXShellScriptBuildPhase;
			buildActionMask = 2147483647;
			files = (
			);
			inputFileListPaths = (
			);
			inputPaths = (
				"${PODS_PODFILE_DIR_PATH}/Podfile.lock",
				"${PODS_ROOT}/Manifest.lock",
			);
			name = "[CP] Check Pods Manifest.lock";
			outputFileListPaths = (
			);
			outputPaths = (
				"$(DERIVED_FILE_DIR)/Pods-DomestikaTrailers-checkManifestLockResult.txt",
			);
			runOnlyForDeploymentPostprocessing = 0;
			shellPath = /bin/sh;
			shellScript = "diff \"${PODS_PODFILE_DIR_PATH}/Podfile.lock\" \"${PODS_ROOT}/Manifest.lock\" > /dev/null\nif [ $? != 0 ] ; then\n    # print error to STDERR\n    echo \"error: The sandbox is not in sync with the Podfile.lock. Run 'pod install' or update your CocoaPods installation.\" >&2\n    exit 1\nfi\n# This output is used by Xcode 'outputs' to avoid re-running this script phase.\necho \"SUCCESS\" > \"${SCRIPT_OUTPUT_FILE_0}\"\n";
			showEnvVarsInLog = 0;
		};
/* End PBXShellScriptBuildPhase section */

/* Begin PBXSourcesBuildPhase section */
		7F9852C624D2A4CB00D8E1FC /* Sources */ = {
			isa = PBXSourcesBuildPhase;
			buildActionMask = 2147483647;
			files = (
				7F98530024D2AD7100D8E1FC /* NetworkManager.swift in Sources */,
				7F08182124D3EDC50090A993 /* CoursesListViewModel.swift in Sources */,
				7F08181724D3E7A80090A993 /* CourseListWorker.swift in Sources */,
				7F08181E24D3EAA90090A993 /* BaseViewController.swift in Sources */,
				7F08181024D2EC4E0090A993 /* CoursesListInteractor.swift in Sources */,
				7F08180C24D2EC4E0090A993 /* CoursesListPresenter.swift in Sources */,
				7F08181524D3E6F30090A993 /* DomestikaAsset.swift in Sources */,
				7F08180E24D2EC4E0090A993 /* CoursesListViewController.swift in Sources */,
				7F9852CE24D2A4CC00D8E1FC /* AppDelegate.swift in Sources */,
				7F08180D24D2EC4E0090A993 /* CoursesListRouter.swift in Sources */,
				7F08181924D3E8DC0090A993 /* Utilities.swift in Sources */,
				7F08180F24D2EC4E0090A993 /* CoursesListProtocols.swift in Sources */,
			);
			runOnlyForDeploymentPostprocessing = 0;
		};
		7F9852DC24D2A4CD00D8E1FC /* Sources */ = {
			isa = PBXSourcesBuildPhase;
			buildActionMask = 2147483647;
			files = (
				7F9852E524D2A4CD00D8E1FC /* DomestikaTrailersTests.swift in Sources */,
			);
			runOnlyForDeploymentPostprocessing = 0;
		};
		7F9852E724D2A4CD00D8E1FC /* Sources */ = {
			isa = PBXSourcesBuildPhase;
			buildActionMask = 2147483647;
			files = (
				7F9852F024D2A4CD00D8E1FC /* DomestikaTrailersUITests.swift in Sources */,
			);
			runOnlyForDeploymentPostprocessing = 0;
		};
/* End PBXSourcesBuildPhase section */

/* Begin PBXTargetDependency section */
		7F9852E224D2A4CD00D8E1FC /* PBXTargetDependency */ = {
			isa = PBXTargetDependency;
			target = 7F9852C924D2A4CB00D8E1FC /* DomestikaTrailers */;
			targetProxy = 7F9852E124D2A4CD00D8E1FC /* PBXContainerItemProxy */;
		};
		7F9852ED24D2A4CD00D8E1FC /* PBXTargetDependency */ = {
			isa = PBXTargetDependency;
			target = 7F9852C924D2A4CB00D8E1FC /* DomestikaTrailers */;
			targetProxy = 7F9852EC24D2A4CD00D8E1FC /* PBXContainerItemProxy */;
		};
/* End PBXTargetDependency section */

/* Begin PBXVariantGroup section */
		7F9852D824D2A4CD00D8E1FC /* LaunchScreen.storyboard */ = {
			isa = PBXVariantGroup;
			children = (
				7F9852D924D2A4CD00D8E1FC /* Base */,
			);
			name = LaunchScreen.storyboard;
			sourceTree = "<group>";
		};
/* End PBXVariantGroup section */

/* Begin XCBuildConfiguration section */
		7F9852F224D2A4CD00D8E1FC /* Debug */ = {
			isa = XCBuildConfiguration;
			buildSettings = {
				ALWAYS_SEARCH_USER_PATHS = NO;
				CLANG_ANALYZER_NONNULL = YES;
				CLANG_ANALYZER_NUMBER_OBJECT_CONVERSION = YES_AGGRESSIVE;
				CLANG_CXX_LANGUAGE_STANDARD = "gnu++14";
				CLANG_CXX_LIBRARY = "libc++";
				CLANG_ENABLE_MODULES = YES;
				CLANG_ENABLE_OBJC_ARC = YES;
				CLANG_ENABLE_OBJC_WEAK = YES;
				CLANG_WARN_BLOCK_CAPTURE_AUTORELEASING = YES;
				CLANG_WARN_BOOL_CONVERSION = YES;
				CLANG_WARN_COMMA = YES;
				CLANG_WARN_CONSTANT_CONVERSION = YES;
				CLANG_WARN_DEPRECATED_OBJC_IMPLEMENTATIONS = YES;
				CLANG_WARN_DIRECT_OBJC_ISA_USAGE = YES_ERROR;
				CLANG_WARN_DOCUMENTATION_COMMENTS = YES;
				CLANG_WARN_EMPTY_BODY = YES;
				CLANG_WARN_ENUM_CONVERSION = YES;
				CLANG_WARN_INFINITE_RECURSION = YES;
				CLANG_WARN_INT_CONVERSION = YES;
				CLANG_WARN_NON_LITERAL_NULL_CONVERSION = YES;
				CLANG_WARN_OBJC_IMPLICIT_RETAIN_SELF = YES;
				CLANG_WARN_OBJC_LITERAL_CONVERSION = YES;
				CLANG_WARN_OBJC_ROOT_CLASS = YES_ERROR;
				CLANG_WARN_RANGE_LOOP_ANALYSIS = YES;
				CLANG_WARN_STRICT_PROTOTYPES = YES;
				CLANG_WARN_SUSPICIOUS_MOVE = YES;
				CLANG_WARN_UNGUARDED_AVAILABILITY = YES_AGGRESSIVE;
				CLANG_WARN_UNREACHABLE_CODE = YES;
				CLANG_WARN__DUPLICATE_METHOD_MATCH = YES;
				COPY_PHASE_STRIP = NO;
				DEBUG_INFORMATION_FORMAT = dwarf;
				ENABLE_STRICT_OBJC_MSGSEND = YES;
				ENABLE_TESTABILITY = YES;
				GCC_C_LANGUAGE_STANDARD = gnu11;
				GCC_DYNAMIC_NO_PIC = NO;
				GCC_NO_COMMON_BLOCKS = YES;
				GCC_OPTIMIZATION_LEVEL = 0;
				GCC_PREPROCESSOR_DEFINITIONS = (
					"DEBUG=1",
					"$(inherited)",
				);
				GCC_WARN_64_TO_32_BIT_CONVERSION = YES;
				GCC_WARN_ABOUT_RETURN_TYPE = YES_ERROR;
				GCC_WARN_UNDECLARED_SELECTOR = YES;
				GCC_WARN_UNINITIALIZED_AUTOS = YES_AGGRESSIVE;
				GCC_WARN_UNUSED_FUNCTION = YES;
				GCC_WARN_UNUSED_VARIABLE = YES;
				IPHONEOS_DEPLOYMENT_TARGET = 13.6;
				MTL_ENABLE_DEBUG_INFO = INCLUDE_SOURCE;
				MTL_FAST_MATH = YES;
				ONLY_ACTIVE_ARCH = YES;
				SDKROOT = iphoneos;
				SWIFT_ACTIVE_COMPILATION_CONDITIONS = DEBUG;
				SWIFT_OPTIMIZATION_LEVEL = "-Onone";
			};
			name = Debug;
		};
		7F9852F324D2A4CD00D8E1FC /* Release */ = {
			isa = XCBuildConfiguration;
			buildSettings = {
				ALWAYS_SEARCH_USER_PATHS = NO;
				CLANG_ANALYZER_NONNULL = YES;
				CLANG_ANALYZER_NUMBER_OBJECT_CONVERSION = YES_AGGRESSIVE;
				CLANG_CXX_LANGUAGE_STANDARD = "gnu++14";
				CLANG_CXX_LIBRARY = "libc++";
				CLANG_ENABLE_MODULES = YES;
				CLANG_ENABLE_OBJC_ARC = YES;
				CLANG_ENABLE_OBJC_WEAK = YES;
				CLANG_WARN_BLOCK_CAPTURE_AUTORELEASING = YES;
				CLANG_WARN_BOOL_CONVERSION = YES;
				CLANG_WARN_COMMA = YES;
				CLANG_WARN_CONSTANT_CONVERSION = YES;
				CLANG_WARN_DEPRECATED_OBJC_IMPLEMENTATIONS = YES;
				CLANG_WARN_DIRECT_OBJC_ISA_USAGE = YES_ERROR;
				CLANG_WARN_DOCUMENTATION_COMMENTS = YES;
				CLANG_WARN_EMPTY_BODY = YES;
				CLANG_WARN_ENUM_CONVERSION = YES;
				CLANG_WARN_INFINITE_RECURSION = YES;
				CLANG_WARN_INT_CONVERSION = YES;
				CLANG_WARN_NON_LITERAL_NULL_CONVERSION = YES;
				CLANG_WARN_OBJC_IMPLICIT_RETAIN_SELF = YES;
				CLANG_WARN_OBJC_LITERAL_CONVERSION = YES;
				CLANG_WARN_OBJC_ROOT_CLASS = YES_ERROR;
				CLANG_WARN_RANGE_LOOP_ANALYSIS = YES;
				CLANG_WARN_STRICT_PROTOTYPES = YES;
				CLANG_WARN_SUSPICIOUS_MOVE = YES;
				CLANG_WARN_UNGUARDED_AVAILABILITY = YES_AGGRESSIVE;
				CLANG_WARN_UNREACHABLE_CODE = YES;
				CLANG_WARN__DUPLICATE_METHOD_MATCH = YES;
				COPY_PHASE_STRIP = NO;
				DEBUG_INFORMATION_FORMAT = "dwarf-with-dsym";
				ENABLE_NS_ASSERTIONS = NO;
				ENABLE_STRICT_OBJC_MSGSEND = YES;
				GCC_C_LANGUAGE_STANDARD = gnu11;
				GCC_NO_COMMON_BLOCKS = YES;
				GCC_WARN_64_TO_32_BIT_CONVERSION = YES;
				GCC_WARN_ABOUT_RETURN_TYPE = YES_ERROR;
				GCC_WARN_UNDECLARED_SELECTOR = YES;
				GCC_WARN_UNINITIALIZED_AUTOS = YES_AGGRESSIVE;
				GCC_WARN_UNUSED_FUNCTION = YES;
				GCC_WARN_UNUSED_VARIABLE = YES;
				IPHONEOS_DEPLOYMENT_TARGET = 13.6;
				MTL_ENABLE_DEBUG_INFO = NO;
				MTL_FAST_MATH = YES;
				SDKROOT = iphoneos;
				SWIFT_COMPILATION_MODE = wholemodule;
				SWIFT_OPTIMIZATION_LEVEL = "-O";
				VALIDATE_PRODUCT = YES;
			};
			name = Release;
		};
		7F9852F524D2A4CD00D8E1FC /* Debug */ = {
			isa = XCBuildConfiguration;
			baseConfigurationReference = CB1F69A331CAB259F1E28C3A /* Pods-DomestikaTrailers.debug.xcconfig */;
			buildSettings = {
				ASSETCATALOG_COMPILER_APPICON_NAME = AppIcon;
				CODE_SIGN_STYLE = Automatic;
				DEVELOPMENT_TEAM = 4JALZNH8YW;
				INFOPLIST_FILE = DomestikaTrailers/Resources/Info.plist;
				LD_RUNPATH_SEARCH_PATHS = (
					"$(inherited)",
					"@executable_path/Frameworks",
				);
				PRODUCT_BUNDLE_IDENTIFIER = com.domestika.DomestikaTrailers;
				PRODUCT_NAME = "$(TARGET_NAME)";
				SWIFT_VERSION = 5.0;
				TARGETED_DEVICE_FAMILY = 1;
			};
			name = Debug;
		};
		7F9852F624D2A4CD00D8E1FC /* Release */ = {
			isa = XCBuildConfiguration;
			baseConfigurationReference = 476E1980A1CD4C503CB0A15C /* Pods-DomestikaTrailers.release.xcconfig */;
			buildSettings = {
				ASSETCATALOG_COMPILER_APPICON_NAME = AppIcon;
				CODE_SIGN_STYLE = Automatic;
				DEVELOPMENT_TEAM = 4JALZNH8YW;
				INFOPLIST_FILE = DomestikaTrailers/Resources/Info.plist;
				LD_RUNPATH_SEARCH_PATHS = (
					"$(inherited)",
					"@executable_path/Frameworks",
				);
				PRODUCT_BUNDLE_IDENTIFIER = com.domestika.DomestikaTrailers;
				PRODUCT_NAME = "$(TARGET_NAME)";
				SWIFT_VERSION = 5.0;
				TARGETED_DEVICE_FAMILY = 1;
			};
			name = Release;
		};
		7F9852F824D2A4CD00D8E1FC /* Debug */ = {
			isa = XCBuildConfiguration;
			baseConfigurationReference = 5FB30341CA4AB760D18570CD /* Pods-DomestikaTrailersTests.debug.xcconfig */;
			buildSettings = {
				ALWAYS_EMBED_SWIFT_STANDARD_LIBRARIES = YES;
				BUNDLE_LOADER = "$(TEST_HOST)";
				CODE_SIGN_STYLE = Automatic;
				DEVELOPMENT_TEAM = 4JALZNH8YW;
				INFOPLIST_FILE = DomestikaTrailersTests/Info.plist;
				IPHONEOS_DEPLOYMENT_TARGET = 13.6;
				LD_RUNPATH_SEARCH_PATHS = (
					"$(inherited)",
					"@executable_path/Frameworks",
					"@loader_path/Frameworks",
				);
				PRODUCT_BUNDLE_IDENTIFIER = com.domestika.DomestikaTrailersTests;
				PRODUCT_NAME = "$(TARGET_NAME)";
				SWIFT_VERSION = 5.0;
				TARGETED_DEVICE_FAMILY = "1,2";
				TEST_HOST = "$(BUILT_PRODUCTS_DIR)/DomestikaTrailers.app/DomestikaTrailers";
			};
			name = Debug;
		};
		7F9852F924D2A4CD00D8E1FC /* Release */ = {
			isa = XCBuildConfiguration;
			baseConfigurationReference = 4993FFB200C35E0B83F68848 /* Pods-DomestikaTrailersTests.release.xcconfig */;
			buildSettings = {
				ALWAYS_EMBED_SWIFT_STANDARD_LIBRARIES = YES;
				BUNDLE_LOADER = "$(TEST_HOST)";
				CODE_SIGN_STYLE = Automatic;
				DEVELOPMENT_TEAM = 4JALZNH8YW;
				INFOPLIST_FILE = DomestikaTrailersTests/Info.plist;
				IPHONEOS_DEPLOYMENT_TARGET = 13.6;
				LD_RUNPATH_SEARCH_PATHS = (
					"$(inherited)",
					"@executable_path/Frameworks",
					"@loader_path/Frameworks",
				);
				PRODUCT_BUNDLE_IDENTIFIER = com.domestika.DomestikaTrailersTests;
				PRODUCT_NAME = "$(TARGET_NAME)";
				SWIFT_VERSION = 5.0;
				TARGETED_DEVICE_FAMILY = "1,2";
				TEST_HOST = "$(BUILT_PRODUCTS_DIR)/DomestikaTrailers.app/DomestikaTrailers";
			};
			name = Release;
		};
		7F9852FB24D2A4CD00D8E1FC /* Debug */ = {
			isa = XCBuildConfiguration;
			baseConfigurationReference = B905B539F5CD75A2A6E5D6F2 /* Pods-DomestikaTrailers-DomestikaTrailersUITests.debug.xcconfig */;
			buildSettings = {
				ALWAYS_EMBED_SWIFT_STANDARD_LIBRARIES = YES;
				CODE_SIGN_STYLE = Automatic;
				DEVELOPMENT_TEAM = 4JALZNH8YW;
				INFOPLIST_FILE = DomestikaTrailersUITests/Info.plist;
				LD_RUNPATH_SEARCH_PATHS = (
					"$(inherited)",
					"@executable_path/Frameworks",
					"@loader_path/Frameworks",
				);
				PRODUCT_BUNDLE_IDENTIFIER = com.domestika.DomestikaTrailersUITests;
				PRODUCT_NAME = "$(TARGET_NAME)";
				SWIFT_VERSION = 5.0;
				TARGETED_DEVICE_FAMILY = "1,2";
				TEST_TARGET_NAME = DomestikaTrailers;
			};
			name = Debug;
		};
		7F9852FC24D2A4CD00D8E1FC /* Release */ = {
			isa = XCBuildConfiguration;
			baseConfigurationReference = 178237A8BC7713D4D800FEBA /* Pods-DomestikaTrailers-DomestikaTrailersUITests.release.xcconfig */;
			buildSettings = {
				ALWAYS_EMBED_SWIFT_STANDARD_LIBRARIES = YES;
				CODE_SIGN_STYLE = Automatic;
				DEVELOPMENT_TEAM = 4JALZNH8YW;
				INFOPLIST_FILE = DomestikaTrailersUITests/Info.plist;
				LD_RUNPATH_SEARCH_PATHS = (
					"$(inherited)",
					"@executable_path/Frameworks",
					"@loader_path/Frameworks",
				);
				PRODUCT_BUNDLE_IDENTIFIER = com.domestika.DomestikaTrailersUITests;
				PRODUCT_NAME = "$(TARGET_NAME)";
				SWIFT_VERSION = 5.0;
				TARGETED_DEVICE_FAMILY = "1,2";
				TEST_TARGET_NAME = DomestikaTrailers;
			};
			name = Release;
		};
/* End XCBuildConfiguration section */

/* Begin XCConfigurationList section */
		7F9852C524D2A4CB00D8E1FC /* Build configuration list for PBXProject "DomestikaTrailers" */ = {
			isa = XCConfigurationList;
			buildConfigurations = (
				7F9852F224D2A4CD00D8E1FC /* Debug */,
				7F9852F324D2A4CD00D8E1FC /* Release */,
			);
			defaultConfigurationIsVisible = 0;
			defaultConfigurationName = Release;
		};
		7F9852F424D2A4CD00D8E1FC /* Build configuration list for PBXNativeTarget "DomestikaTrailers" */ = {
			isa = XCConfigurationList;
			buildConfigurations = (
				7F9852F524D2A4CD00D8E1FC /* Debug */,
				7F9852F624D2A4CD00D8E1FC /* Release */,
			);
			defaultConfigurationIsVisible = 0;
			defaultConfigurationName = Release;
		};
		7F9852F724D2A4CD00D8E1FC /* Build configuration list for PBXNativeTarget "DomestikaTrailersTests" */ = {
			isa = XCConfigurationList;
			buildConfigurations = (
				7F9852F824D2A4CD00D8E1FC /* Debug */,
				7F9852F924D2A4CD00D8E1FC /* Release */,
			);
			defaultConfigurationIsVisible = 0;
			defaultConfigurationName = Release;
		};
		7F9852FA24D2A4CD00D8E1FC /* Build configuration list for PBXNativeTarget "DomestikaTrailersUITests" */ = {
			isa = XCConfigurationList;
			buildConfigurations = (
				7F9852FB24D2A4CD00D8E1FC /* Debug */,
				7F9852FC24D2A4CD00D8E1FC /* Release */,
			);
			defaultConfigurationIsVisible = 0;
			defaultConfigurationName = Release;
		};
/* End XCConfigurationList section */
	};
	rootObject = 7F9852C224D2A4CB00D8E1FC /* Project object */;
}
